PODS:
  - alera_native (0.0.1):
    - FlutterMacOS
  - cryptography_flutter_plus (0.2.0):
    - FlutterMacOS
  - FlutterMacOS (1.0.0)
  - screen_retriever_macos (0.0.1):
    - FlutterMacOS

DEPENDENCIES:
  - alera_native (from `Flutter/ephemeral/.symlinks/plugins/alera_native/macos`)
  - cryptography_flutter_plus (from `Flutter/ephemeral/.symlinks/plugins/cryptography_flutter_plus/macos`)
  - FlutterMacOS (from `Flutter/ephemeral`)
  - screen_retriever_macos (from `Flutter/ephemeral/.symlinks/plugins/screen_retriever_macos/macos`)

EXTERNAL SOURCES:
  alera_native:
    :path: Flutter/ephemeral/.symlinks/plugins/alera_native/macos
  cryptography_flutter_plus:
    :path: Flutter/ephemeral/.symlinks/plugins/cryptography_flutter_plus/macos
  FlutterMacOS:
    :path: Flutter/ephemeral
  screen_retriever_macos:
    :path: Flutter/ephemeral/.symlinks/plugins/screen_retriever_macos/macos

SPEC CHECKSUMS:
  alera_native: e59b0a70ab4beed3b64bb122fba926baabfcca91
  cryptography_flutter_plus: 7c6e0d0f08664499a2c5402aa7cbcca07f2a7130
  FlutterMacOS: d0db08ddef1a9af05a5ec4b724367152bb0500b1
  screen_retriever_macos: 452e51764a9e1cdb74b3c541238795849f21557f

PODFILE CHECKSUM: 54d867c82ac51cbd61b565781b9fada492027009

COCOAPODS: 1.16.2
